
Microsoft Visual Studio Solution File, Format Version 12.00
# Visual Studio Version 16
VisualStudioVersion = 16.0.33130.400
MinimumVisualStudioVersion = 10.0.40219.1
Project("{9A19103F-16F7-4668-BE54-9A1E7A4F7556}") = "CameraShop.Domain", "CameraShop.Domain\CameraShop.Domain.csproj", "{565E3569-CB9F-4BEB-B823-36B08523F0B7}"
EndProject
Project("{9A19103F-16F7-4668-BE54-9A1E7A4F7556}") = "CameraShop.EfDataAccess", "CameraShop.EfDataAccess\CameraShop.EfDataAccess.csproj", "{BA3DF89C-9948-4670-8BD9-51F4D58645A0}"
EndProject
Project("{9A19103F-16F7-4668-BE54-9A1E7A4F7556}") = "CameraShop.Application", "CameraShop.Application\CameraShop.Application.csproj", "{212F8D51-E82D-447F-9F07-3C2A75119301}"
EndProject
Project("{9A19103F-16F7-4668-BE54-9A1E7A4F7556}") = "CameraShop.Implementation", "CameraShop.Implementation\CameraShop.Implementation.csproj", "{CBB29500-0E45-4FED-BB5B-88B8A92CA458}"
EndProject
Project("{9A19103F-16F7-4668-BE54-9A1E7A4F7556}") = "CameraShop.API", "CameraShop.API\CameraShop.API.csproj", "{FD7C6025-DB33-46A2-B3D2-5630A70BC099}"
EndProject
Global
	GlobalSection(SolutionConfigurationPlatforms) = preSolution
		Debug|Any CPU = Debug|Any CPU
		Release|Any CPU = Release|Any CPU
	EndGlobalSection
	GlobalSection(ProjectConfigurationPlatforms) = postSolution
		{565E3569-CB9F-4BEB-B823-36B08523F0B7}.Debug|Any CPU.ActiveCfg = Debug|Any CPU
		{565E3569-CB9F-4BEB-B823-36B08523F0B7}.Debug|Any CPU.Build.0 = Debug|Any CPU
		{565E3569-CB9F-4BEB-B823-36B08523F0B7}.Release|Any CPU.ActiveCfg = Release|Any CPU
		{565E3569-CB9F-4BEB-B823-36B08523F0B7}.Release|Any CPU.Build.0 = Release|Any CPU
		{BA3DF89C-9948-4670-8BD9-51F4D58645A0}.Debug|Any CPU.ActiveCfg = Debug|Any CPU
		{BA3DF89C-9948-4670-8BD9-51F4D58645A0}.Debug|Any CPU.Build.0 = Debug|Any CPU
		{BA3DF89C-9948-4670-8BD9-51F4D58645A0}.Release|Any CPU.ActiveCfg = Release|Any CPU
		{BA3DF89C-9948-4670-8BD9-51F4D58645A0}.Release|Any CPU.Build.0 = Release|Any CPU
		{212F8D51-E82D-447F-9F07-3C2A75119301}.Debug|Any CPU.ActiveCfg = Debug|Any CPU
		{212F8D51-E82D-447F-9F07-3C2A75119301}.Debug|Any CPU.Build.0 = Debug|Any CPU
		{212F8D51-E82D-447F-9F07-3C2A75119301}.Release|Any CPU.ActiveCfg = Release|Any CPU
		{212F8D51-E82D-447F-9F07-3C2A75119301}.Release|Any CPU.Build.0 = Release|Any CPU
		{CBB29500-0E45-4FED-BB5B-88B8A92CA458}.Debug|Any CPU.ActiveCfg = Debug|Any CPU
		{CBB29500-0E45-4FED-BB5B-88B8A92CA458}.Debug|Any CPU.Build.0 = Debug|Any CPU
		{CBB29500-0E45-4FED-BB5B-88B8A92CA458}.Release|Any CPU.ActiveCfg = Release|Any CPU
		{CBB29500-0E45-4FED-BB5B-88B8A92CA458}.Release|Any CPU.Build.0 = Release|Any CPU
		{FD7C6025-DB33-46A2-B3D2-5630A70BC099}.Debug|Any CPU.ActiveCfg = Debug|Any CPU
		{FD7C6025-DB33-46A2-B3D2-5630A70BC099}.Debug|Any CPU.Build.0 = Debug|Any CPU
		{FD7C6025-DB33-46A2-B3D2-5630A70BC099}.Release|Any CPU.ActiveCfg = Release|Any CPU
		{FD7C6025-DB33-46A2-B3D2-5630A70BC099}.Release|Any CPU.Build.0 = Release|Any CPU
	EndGlobalSection
	GlobalSection(SolutionProperties) = preSolution
		HideSolutionNode = FALSE
	EndGlobalSection
	GlobalSection(ExtensibilityGlobals) = postSolution
		SolutionGuid = {825487F1-E45E-48A3-8B72-9CFB3B44F669}
	EndGlobalSection
EndGlobal
